{
  "lockfileVersion": 1,
  "workspaces": {
    "": {
      "name": "yaass",
      "dependencies": {
        "@tailwindcss/postcss": "^4.0.17",
        "@tycrek/log": "^1.2.0",
        "cssnano": "^7.0.6",
        "fs-extra": "^11.3.0",
        "hono": "^4.7.5",
        "postcss": "^8.5.3",
        "tailwindcss": "^4.0.17",
      },
      "devDependencies": {
        "@types/bun": "latest",
        "@types/fs-extra": "^11.0.4",
      },
      "peerDependencies": {
        "typescript": "^5",
      },
    },
  },
  "packages": {
    "@alloc/quick-lru": ["@alloc/quick-lru@5.2.0", "", {}, "sha512-UrcABB+4bUrFABwbluTIBErXwvbsU/V7TZWfmbgJfbkwiBuziS9gxdODUyuiecfdGQ85jglMW6juS3+z5TsKLw=="],

    "@tailwindcss/node": ["@tailwindcss/node@4.0.17", "", { "dependencies": { "enhanced-resolve": "^5.18.1", "jiti": "^2.4.2", "tailwindcss": "4.0.17" } }, "sha512-LIdNwcqyY7578VpofXyqjH6f+3fP4nrz7FBLki5HpzqjYfXdF2m/eW18ZfoKePtDGg90Bvvfpov9d2gy5XVCbg=="],

    "@tailwindcss/oxide": ["@tailwindcss/oxide@4.0.17", "", { "optionalDependencies": { "@tailwindcss/oxide-android-arm64": "4.0.17", "@tailwindcss/oxide-darwin-arm64": "4.0.17", "@tailwindcss/oxide-darwin-x64": "4.0.17", "@tailwindcss/oxide-freebsd-x64": "4.0.17", "@tailwindcss/oxide-linux-arm-gnueabihf": "4.0.17", "@tailwindcss/oxide-linux-arm64-gnu": "4.0.17", "@tailwindcss/oxide-linux-arm64-musl": "4.0.17", "@tailwindcss/oxide-linux-x64-gnu": "4.0.17", "@tailwindcss/oxide-linux-x64-musl": "4.0.17", "@tailwindcss/oxide-win32-arm64-msvc": "4.0.17", "@tailwindcss/oxide-win32-x64-msvc": "4.0.17" } }, "sha512-B4OaUIRD2uVrULpAD1Yksx2+wNarQr2rQh65nXqaqbLY1jCd8fO+3KLh/+TH4Hzh2NTHQvgxVbPdUDOtLk7vAw=="],

    "@tailwindcss/oxide-android-arm64": ["@tailwindcss/oxide-android-arm64@4.0.17", "", { "os": "android", "cpu": "arm64" }, "sha512-3RfO0ZK64WAhop+EbHeyxGThyDr/fYhxPzDbEQjD2+v7ZhKTb2svTWy+KK+J1PHATus2/CQGAGp7pHY/8M8ugg=="],

    "@tailwindcss/oxide-darwin-arm64": ["@tailwindcss/oxide-darwin-arm64@4.0.17", "", { "os": "darwin", "cpu": "arm64" }, "sha512-e1uayxFQCCDuzTk9s8q7MC5jFN42IY7nzcr5n0Mw/AcUHwD6JaBkXnATkD924ZsHyPDvddnusIEvkgLd2CiREg=="],

    "@tailwindcss/oxide-darwin-x64": ["@tailwindcss/oxide-darwin-x64@4.0.17", "", { "os": "darwin", "cpu": "x64" }, "sha512-d6z7HSdOKfXQ0HPlVx1jduUf/YtBuCCtEDIEFeBCzgRRtDsUuRtofPqxIVaSCUTOk5+OfRLonje6n9dF6AH8wQ=="],

    "@tailwindcss/oxide-freebsd-x64": ["@tailwindcss/oxide-freebsd-x64@4.0.17", "", { "os": "freebsd", "cpu": "x64" }, "sha512-EjrVa6lx3wzXz3l5MsdOGtYIsRjgs5Mru6lDv4RuiXpguWeOb3UzGJ7vw7PEzcFadKNvNslEQqoAABeMezprxQ=="],

    "@tailwindcss/oxide-linux-arm-gnueabihf": ["@tailwindcss/oxide-linux-arm-gnueabihf@4.0.17", "", { "os": "linux", "cpu": "arm" }, "sha512-65zXfCOdi8wuaY0Ye6qMR5LAXokHYtrGvo9t/NmxvSZtCCitXV/gzJ/WP5ksXPhff1SV5rov0S+ZIZU+/4eyCQ=="],

    "@tailwindcss/oxide-linux-arm64-gnu": ["@tailwindcss/oxide-linux-arm64-gnu@4.0.17", "", { "os": "linux", "cpu": "arm64" }, "sha512-+aaq6hJ8ioTdbJV5IA1WjWgLmun4T7eYLTvJIToiXLHy5JzUERRbIZjAcjgK9qXMwnvuu7rqpxzej+hGoEcG5g=="],

    "@tailwindcss/oxide-linux-arm64-musl": ["@tailwindcss/oxide-linux-arm64-musl@4.0.17", "", { "os": "linux", "cpu": "arm64" }, "sha512-/FhWgZCdUGAeYHYnZKekiOC0aXFiBIoNCA0bwzkICiMYS5Rtx2KxFfMUXQVnl4uZRblG5ypt5vpPhVaXgGk80w=="],

    "@tailwindcss/oxide-linux-x64-gnu": ["@tailwindcss/oxide-linux-x64-gnu@4.0.17", "", { "os": "linux", "cpu": "x64" }, "sha512-gELJzOHK6GDoIpm/539Golvk+QWZjxQcbkKq9eB2kzNkOvrP0xc5UPgO9bIMNt1M48mO8ZeNenCMGt6tfkvVBg=="],

    "@tailwindcss/oxide-linux-x64-musl": ["@tailwindcss/oxide-linux-x64-musl@4.0.17", "", { "os": "linux", "cpu": "x64" }, "sha512-68NwxcJrZn94IOW4TysMIbYv5AlM6So1luTlbYUDIGnKma1yTFGBRNEJ+SacJ3PZE2rgcTBNRHX1TB4EQ/XEHw=="],

    "@tailwindcss/oxide-win32-arm64-msvc": ["@tailwindcss/oxide-win32-arm64-msvc@4.0.17", "", { "os": "win32", "cpu": "arm64" }, "sha512-AkBO8efP2/7wkEXkNlXzRD4f/7WerqKHlc6PWb5v0jGbbm22DFBLbIM19IJQ3b+tNewQZa+WnPOaGm0SmwMNjw=="],

    "@tailwindcss/oxide-win32-x64-msvc": ["@tailwindcss/oxide-win32-x64-msvc@4.0.17", "", { "os": "win32", "cpu": "x64" }, "sha512-7/DTEvXcoWlqX0dAlcN0zlmcEu9xSermuo7VNGX9tJ3nYMdo735SHvbrHDln1+LYfF6NhJ3hjbpbjkMOAGmkDg=="],

    "@tailwindcss/postcss": ["@tailwindcss/postcss@4.0.17", "", { "dependencies": { "@alloc/quick-lru": "^5.2.0", "@tailwindcss/node": "4.0.17", "@tailwindcss/oxide": "4.0.17", "lightningcss": "1.29.2", "postcss": "^8.4.41", "tailwindcss": "4.0.17" } }, "sha512-qeJbRTB5FMZXmuJF+eePd235EGY6IyJZF0Bh0YM6uMcCI4L9Z7dy+lPuLAhxOJzxnajsbjPoDAKOuAqZRtf1PQ=="],

    "@trysound/sax": ["@trysound/sax@0.2.0", "", {}, "sha512-L7z9BgrNEcYyUYtF+HaEfiS5ebkh9jXqbszz7pC0hRBPaatV0XjSD3+eHrpqFemQfgwiFF0QPIarnIihIDn7OA=="],

    "@tycrek/log": ["@jsr/tycrek__log@1.2.0", "https://npm.jsr.io/~/11/@jsr/tycrek__log/1.2.0.tgz", {}, "sha512-mBEEaDWWVocFwifdptR7cFi6bJyFdFnDcTEHS9rK/8S/rXCnIZkE9k+YJG0yW4B/xaAfEMYqgNWD7IVpuZc2+Q=="],

    "@types/bun": ["@types/bun@1.2.8", "", { "dependencies": { "bun-types": "1.2.7" } }, "sha512-t8L1RvJVUghW5V+M/fL3Thbxcs0HwNsXsnTEBEfEVqGteiJToOlZ/fyOEaR1kZsNqnu+3XA4RI/qmnX4w6+S+w=="],

    "@types/fs-extra": ["@types/fs-extra@11.0.4", "", { "dependencies": { "@types/jsonfile": "*", "@types/node": "*" } }, "sha512-yTbItCNreRooED33qjunPthRcSjERP1r4MqCZc7wv0u2sUkzTFp45tgUfS5+r7FrZPdmCCNflLhVSP/o+SemsQ=="],

    "@types/jsonfile": ["@types/jsonfile@6.1.4", "", { "dependencies": { "@types/node": "*" } }, "sha512-D5qGUYwjvnNNextdU59/+fI+spnwtTFmyQP0h+PfIOSkNfpU6AOICUOkm4i0OnSk+NyjdPJrxCDro0sJsWlRpQ=="],

    "@types/node": ["@types/node@22.13.14", "", { "dependencies": { "undici-types": "~6.20.0" } }, "sha512-Zs/Ollc1SJ8nKUAgc7ivOEdIBM8JAKgrqqUYi2J997JuKO7/tpQC+WCetQ1sypiKCQWHdvdg9wBNpUPEWZae7w=="],

    "@types/ws": ["@types/ws@8.18.0", "", { "dependencies": { "@types/node": "*" } }, "sha512-8svvI3hMyvN0kKCJMvTJP/x6Y/EoQbepff882wL+Sn5QsXb3etnamgrJq4isrBxSJj5L2AuXcI0+bgkoAXGUJw=="],

    "boolbase": ["boolbase@1.0.0", "", {}, "sha512-JZOSA7Mo9sNGB8+UjSgzdLtokWAky1zbztM3WRLCbZ70/3cTANmQmOdR7y2g+J0e2WXywy1yS468tY+IruqEww=="],

    "browserslist": ["browserslist@4.24.4", "", { "dependencies": { "caniuse-lite": "^1.0.30001688", "electron-to-chromium": "^1.5.73", "node-releases": "^2.0.19", "update-browserslist-db": "^1.1.1" }, "bin": { "browserslist": "cli.js" } }, "sha512-KDi1Ny1gSePi1vm0q4oxSF8b4DR44GF4BbmS2YdhPLOEqd8pDviZOGH/GsmRwoWJ2+5Lr085X7naowMwKHDG1A=="],

    "bun-types": ["bun-types@1.2.7", "", { "dependencies": { "@types/node": "*", "@types/ws": "*" } }, "sha512-P4hHhk7kjF99acXqKvltyuMQ2kf/rzIw3ylEDpCxDS9Xa0X0Yp/gJu/vDCucmWpiur5qJ0lwB2bWzOXa2GlHqA=="],

    "caniuse-api": ["caniuse-api@3.0.0", "", { "dependencies": { "browserslist": "^4.0.0", "caniuse-lite": "^1.0.0", "lodash.memoize": "^4.1.2", "lodash.uniq": "^4.5.0" } }, "sha512-bsTwuIg/BZZK/vreVTYYbSWoe2F+71P7K5QGEX+pT250DZbfU1MQ5prOKpPR+LL6uWKK3KMwMCAS74QB3Um1uw=="],

    "caniuse-lite": ["caniuse-lite@1.0.30001707", "", {}, "sha512-3qtRjw/HQSMlDWf+X79N206fepf4SOOU6SQLMaq/0KkZLmSjPxAkBOQQ+FxbHKfHmYLZFfdWsO3KA90ceHPSnw=="],

    "colord": ["colord@2.9.3", "", {}, "sha512-jeC1axXpnb0/2nn/Y1LPuLdgXBLH7aDcHu4KEKfqw3CUhX7ZpfBSlPKyqXE6btIgEzfWtrX3/tyBCaCvXvMkOw=="],

    "commander": ["commander@7.2.0", "", {}, "sha512-QrWXB+ZQSVPmIWIhtEO9H+gwHaMGYiF5ChvoJ+K9ZGHG/sVsa6yiesAD1GC/x46sET00Xlwo1u49RVVVzvcSkw=="],

    "css-declaration-sorter": ["css-declaration-sorter@7.2.0", "", { "peerDependencies": { "postcss": "^8.0.9" } }, "sha512-h70rUM+3PNFuaBDTLe8wF/cdWu+dOZmb7pJt8Z2sedYbAcQVQV/tEchueg3GWxwqS0cxtbxmaHEdkNACqcvsow=="],

    "css-select": ["css-select@5.1.0", "", { "dependencies": { "boolbase": "^1.0.0", "css-what": "^6.1.0", "domhandler": "^5.0.2", "domutils": "^3.0.1", "nth-check": "^2.0.1" } }, "sha512-nwoRF1rvRRnnCqqY7updORDsuqKzqYJ28+oSMaJMMgOauh3fvwHqMS7EZpIPqK8GL+g9mKxF1vP/ZjSeNjEVHg=="],

    "css-tree": ["css-tree@2.3.1", "", { "dependencies": { "mdn-data": "2.0.30", "source-map-js": "^1.0.1" } }, "sha512-6Fv1DV/TYw//QF5IzQdqsNDjx/wc8TrMBZsqjL9eW01tWb7R7k/mq+/VXfJCl7SoD5emsJop9cOByJZfs8hYIw=="],

    "css-what": ["css-what@6.1.0", "", {}, "sha512-HTUrgRJ7r4dsZKU6GjmpfRK1O76h97Z8MfS1G0FozR+oF2kG6Vfe8JE6zwrkbxigziPHinCJ+gCPjA9EaBDtRw=="],

    "cssesc": ["cssesc@3.0.0", "", { "bin": { "cssesc": "bin/cssesc" } }, "sha512-/Tb/JcjK111nNScGob5MNtsntNM1aCNUDipB/TkwZFhyDrrE47SOx/18wF2bbjgc3ZzCSKW1T5nt5EbFoAz/Vg=="],

    "cssnano": ["cssnano@7.0.6", "", { "dependencies": { "cssnano-preset-default": "^7.0.6", "lilconfig": "^3.1.2" }, "peerDependencies": { "postcss": "^8.4.31" } }, "sha512-54woqx8SCbp8HwvNZYn68ZFAepuouZW4lTwiMVnBErM3VkO7/Sd4oTOt3Zz3bPx3kxQ36aISppyXj2Md4lg8bw=="],

    "cssnano-preset-default": ["cssnano-preset-default@7.0.6", "", { "dependencies": { "browserslist": "^4.23.3", "css-declaration-sorter": "^7.2.0", "cssnano-utils": "^5.0.0", "postcss-calc": "^10.0.2", "postcss-colormin": "^7.0.2", "postcss-convert-values": "^7.0.4", "postcss-discard-comments": "^7.0.3", "postcss-discard-duplicates": "^7.0.1", "postcss-discard-empty": "^7.0.0", "postcss-discard-overridden": "^7.0.0", "postcss-merge-longhand": "^7.0.4", "postcss-merge-rules": "^7.0.4", "postcss-minify-font-values": "^7.0.0", "postcss-minify-gradients": "^7.0.0", "postcss-minify-params": "^7.0.2", "postcss-minify-selectors": "^7.0.4", "postcss-normalize-charset": "^7.0.0", "postcss-normalize-display-values": "^7.0.0", "postcss-normalize-positions": "^7.0.0", "postcss-normalize-repeat-style": "^7.0.0", "postcss-normalize-string": "^7.0.0", "postcss-normalize-timing-functions": "^7.0.0", "postcss-normalize-unicode": "^7.0.2", "postcss-normalize-url": "^7.0.0", "postcss-normalize-whitespace": "^7.0.0", "postcss-ordered-values": "^7.0.1", "postcss-reduce-initial": "^7.0.2", "postcss-reduce-transforms": "^7.0.0", "postcss-svgo": "^7.0.1", "postcss-unique-selectors": "^7.0.3" }, "peerDependencies": { "postcss": "^8.4.31" } }, "sha512-ZzrgYupYxEvdGGuqL+JKOY70s7+saoNlHSCK/OGn1vB2pQK8KSET8jvenzItcY+kA7NoWvfbb/YhlzuzNKjOhQ=="],

    "cssnano-utils": ["cssnano-utils@5.0.0", "", { "peerDependencies": { "postcss": "^8.4.31" } }, "sha512-Uij0Xdxc24L6SirFr25MlwC2rCFX6scyUmuKpzI+JQ7cyqDEwD42fJ0xfB3yLfOnRDU5LKGgjQ9FA6LYh76GWQ=="],

    "csso": ["csso@5.0.5", "", { "dependencies": { "css-tree": "~2.2.0" } }, "sha512-0LrrStPOdJj+SPCCrGhzryycLjwcgUSHBtxNA8aIDxf0GLsRh1cKYhB00Gd1lDOS4yGH69+SNn13+TWbVHETFQ=="],

    "detect-libc": ["detect-libc@2.0.3", "", {}, "sha512-bwy0MGW55bG41VqxxypOsdSdGqLwXPI/focwgTYCFMbdUiBAxLg9CFzG08sz2aqzknwiX7Hkl0bQENjg8iLByw=="],

    "dom-serializer": ["dom-serializer@2.0.0", "", { "dependencies": { "domelementtype": "^2.3.0", "domhandler": "^5.0.2", "entities": "^4.2.0" } }, "sha512-wIkAryiqt/nV5EQKqQpo3SToSOV9J0DnbJqwK7Wv/Trc92zIAYZ4FlMu+JPFW1DfGFt81ZTCGgDEabffXeLyJg=="],

    "domelementtype": ["domelementtype@2.3.0", "", {}, "sha512-OLETBj6w0OsagBwdXnPdN0cnMfF9opN69co+7ZrbfPGrdpPVNBUj02spi6B1N7wChLQiPn4CSH/zJvXw56gmHw=="],

    "domhandler": ["domhandler@5.0.3", "", { "dependencies": { "domelementtype": "^2.3.0" } }, "sha512-cgwlv/1iFQiFnU96XXgROh8xTeetsnJiDsTc7TYCLFd9+/WNkIqPTxiM/8pSd8VIrhXGTf1Ny1q1hquVqDJB5w=="],

    "domutils": ["domutils@3.2.2", "", { "dependencies": { "dom-serializer": "^2.0.0", "domelementtype": "^2.3.0", "domhandler": "^5.0.3" } }, "sha512-6kZKyUajlDuqlHKVX1w7gyslj9MPIXzIFiz/rGu35uC1wMi+kMhQwGhl4lt9unC9Vb9INnY9Z3/ZA3+FhASLaw=="],

    "electron-to-chromium": ["electron-to-chromium@1.5.128", "", {}, "sha512-bo1A4HH/NS522Ws0QNFIzyPcyUUNV/yyy70Ho1xqfGYzPUme2F/xr4tlEOuM6/A538U1vDA7a4XfCd1CKRegKQ=="],

    "enhanced-resolve": ["enhanced-resolve@5.18.1", "", { "dependencies": { "graceful-fs": "^4.2.4", "tapable": "^2.2.0" } }, "sha512-ZSW3ma5GkcQBIpwZTSRAI8N71Uuwgs93IezB7mf7R60tC8ZbJideoDNKjHn2O9KIlx6rkGTTEk1xUCK2E1Y2Yg=="],

    "entities": ["entities@4.5.0", "", {}, "sha512-V0hjH4dGPh9Ao5p0MoRY6BVqtwCjhz6vI5LT8AJ55H+4g9/4vbHx1I54fS0XuclLhDHArPQCiMjDxjaL8fPxhw=="],

    "escalade": ["escalade@3.2.0", "", {}, "sha512-WUj2qlxaQtO4g6Pq5c29GTcWGDyd8itL8zTlipgECz3JesAiiOKotd8JU6otB3PACgG6xkJUyVhboMS+bje/jA=="],

    "fs-extra": ["fs-extra@11.3.0", "", { "dependencies": { "graceful-fs": "^4.2.0", "jsonfile": "^6.0.1", "universalify": "^2.0.0" } }, "sha512-Z4XaCL6dUDHfP/jT25jJKMmtxvuwbkrD1vNSMFlo9lNLY2c5FHYSQgHPRZUjAB26TpDEoW9HCOgplrdbaPV/ew=="],

    "graceful-fs": ["graceful-fs@4.2.11", "", {}, "sha512-RbJ5/jmFcNNCcDV5o9eTnBLJ/HszWV0P73bc+Ff4nS/rJj+YaS6IGyiOL0VoBYX+l1Wrl3k63h/KrH+nhJ0XvQ=="],

    "hono": ["hono@4.7.5", "", {}, "sha512-fDOK5W2C1vZACsgLONigdZTRZxuBqFtcKh7bUQ5cVSbwI2RWjloJDcgFOVzbQrlI6pCmhlTsVYZ7zpLj4m4qMQ=="],

    "jiti": ["jiti@2.4.2", "", { "bin": { "jiti": "lib/jiti-cli.mjs" } }, "sha512-rg9zJN+G4n2nfJl5MW3BMygZX56zKPNVEYYqq7adpmMh4Jn2QNEwhvQlFy6jPVdcod7txZtKHWnyZiA3a0zP7A=="],

    "jsonfile": ["jsonfile@6.1.0", "", { "dependencies": { "universalify": "^2.0.0" }, "optionalDependencies": { "graceful-fs": "^4.1.6" } }, "sha512-5dgndWOriYSm5cnYaJNhalLNDKOqFwyDB/rr1E9ZsGciGvKPs8R2xYGCacuf3z6K1YKDz182fd+fY3cn3pMqXQ=="],

    "lightningcss": ["lightningcss@1.29.2", "", { "dependencies": { "detect-libc": "^2.0.3" }, "optionalDependencies": { "lightningcss-darwin-arm64": "1.29.2", "lightningcss-darwin-x64": "1.29.2", "lightningcss-freebsd-x64": "1.29.2", "lightningcss-linux-arm-gnueabihf": "1.29.2", "lightningcss-linux-arm64-gnu": "1.29.2", "lightningcss-linux-arm64-musl": "1.29.2", "lightningcss-linux-x64-gnu": "1.29.2", "lightningcss-linux-x64-musl": "1.29.2", "lightningcss-win32-arm64-msvc": "1.29.2", "lightningcss-win32-x64-msvc": "1.29.2" } }, "sha512-6b6gd/RUXKaw5keVdSEtqFVdzWnU5jMxTUjA2bVcMNPLwSQ08Sv/UodBVtETLCn7k4S1Ibxwh7k68IwLZPgKaA=="],

    "lightningcss-darwin-arm64": ["lightningcss-darwin-arm64@1.29.2", "", { "os": "darwin", "cpu": "arm64" }, "sha512-cK/eMabSViKn/PG8U/a7aCorpeKLMlK0bQeNHmdb7qUnBkNPnL+oV5DjJUo0kqWsJUapZsM4jCfYItbqBDvlcA=="],

    "lightningcss-darwin-x64": ["lightningcss-darwin-x64@1.29.2", "", { "os": "darwin", "cpu": "x64" }, "sha512-j5qYxamyQw4kDXX5hnnCKMf3mLlHvG44f24Qyi2965/Ycz829MYqjrVg2H8BidybHBp9kom4D7DR5VqCKDXS0w=="],

    "lightningcss-freebsd-x64": ["lightningcss-freebsd-x64@1.29.2", "", { "os": "freebsd", "cpu": "x64" }, "sha512-wDk7M2tM78Ii8ek9YjnY8MjV5f5JN2qNVO+/0BAGZRvXKtQrBC4/cn4ssQIpKIPP44YXw6gFdpUF+Ps+RGsCwg=="],

    "lightningcss-linux-arm-gnueabihf": ["lightningcss-linux-arm-gnueabihf@1.29.2", "", { "os": "linux", "cpu": "arm" }, "sha512-IRUrOrAF2Z+KExdExe3Rz7NSTuuJ2HvCGlMKoquK5pjvo2JY4Rybr+NrKnq0U0hZnx5AnGsuFHjGnNT14w26sg=="],

    "lightningcss-linux-arm64-gnu": ["lightningcss-linux-arm64-gnu@1.29.2", "", { "os": "linux", "cpu": "arm64" }, "sha512-KKCpOlmhdjvUTX/mBuaKemp0oeDIBBLFiU5Fnqxh1/DZ4JPZi4evEH7TKoSBFOSOV3J7iEmmBaw/8dpiUvRKlQ=="],

    "lightningcss-linux-arm64-musl": ["lightningcss-linux-arm64-musl@1.29.2", "", { "os": "linux", "cpu": "arm64" }, "sha512-Q64eM1bPlOOUgxFmoPUefqzY1yV3ctFPE6d/Vt7WzLW4rKTv7MyYNky+FWxRpLkNASTnKQUaiMJ87zNODIrrKQ=="],

    "lightningcss-linux-x64-gnu": ["lightningcss-linux-x64-gnu@1.29.2", "", { "os": "linux", "cpu": "x64" }, "sha512-0v6idDCPG6epLXtBH/RPkHvYx74CVziHo6TMYga8O2EiQApnUPZsbR9nFNrg2cgBzk1AYqEd95TlrsL7nYABQg=="],

    "lightningcss-linux-x64-musl": ["lightningcss-linux-x64-musl@1.29.2", "", { "os": "linux", "cpu": "x64" }, "sha512-rMpz2yawkgGT8RULc5S4WiZopVMOFWjiItBT7aSfDX4NQav6M44rhn5hjtkKzB+wMTRlLLqxkeYEtQ3dd9696w=="],

    "lightningcss-win32-arm64-msvc": ["lightningcss-win32-arm64-msvc@1.29.2", "", { "os": "win32", "cpu": "arm64" }, "sha512-nL7zRW6evGQqYVu/bKGK+zShyz8OVzsCotFgc7judbt6wnB2KbiKKJwBE4SGoDBQ1O94RjW4asrCjQL4i8Fhbw=="],

    "lightningcss-win32-x64-msvc": ["lightningcss-win32-x64-msvc@1.29.2", "", { "os": "win32", "cpu": "x64" }, "sha512-EdIUW3B2vLuHmv7urfzMI/h2fmlnOQBk1xlsDxkN1tCWKjNFjfLhGxYk8C8mzpSfr+A6jFFIi8fU6LbQGsRWjA=="],

    "lilconfig": ["lilconfig@3.1.3", "", {}, "sha512-/vlFKAoH5Cgt3Ie+JLhRbwOsCQePABiU3tJ1egGvyQ+33R/vcwM2Zl2QR/LzjsBeItPt3oSVXapn+m4nQDvpzw=="],

    "lodash.memoize": ["lodash.memoize@4.1.2", "", {}, "sha512-t7j+NzmgnQzTAYXcsHYLgimltOV1MXHtlOWf6GjL9Kj8GK5FInw5JotxvbOs+IvV1/Dzo04/fCGfLVs7aXb4Ag=="],

    "lodash.uniq": ["lodash.uniq@4.5.0", "", {}, "sha512-xfBaXQd9ryd9dlSDvnvI0lvxfLJlYAZzXomUYzLKtUeOQvOP5piqAWuGtrhWeqaXK9hhoM/iyJc5AV+XfsX3HQ=="],

    "mdn-data": ["mdn-data@2.0.30", "", {}, "sha512-GaqWWShW4kv/G9IEucWScBx9G1/vsFZZJUO+tD26M8J8z3Kw5RDQjaoZe03YAClgeS/SWPOcb4nkFBTEi5DUEA=="],

    "nanoid": ["nanoid@3.3.11", "", { "bin": { "nanoid": "bin/nanoid.cjs" } }, "sha512-N8SpfPUnUp1bK+PMYW8qSWdl9U+wwNWI4QKxOYDy9JAro3WMX7p2OeVRF9v+347pnakNevPmiHhNmZ2HbFA76w=="],

    "node-releases": ["node-releases@2.0.19", "", {}, "sha512-xxOWJsBKtzAq7DY0J+DTzuz58K8e7sJbdgwkbMWQe8UYB6ekmsQ45q0M/tJDsGaZmbC+l7n57UV8Hl5tHxO9uw=="],

    "nth-check": ["nth-check@2.1.1", "", { "dependencies": { "boolbase": "^1.0.0" } }, "sha512-lqjrjmaOoAnWfMmBPL+XNnynZh2+swxiX3WUE0s4yEHI6m+AwrK2UZOimIRl3X/4QctVqS8AiZjFqyOGrMXb/w=="],

    "picocolors": ["picocolors@1.1.1", "", {}, "sha512-xceH2snhtb5M9liqDsmEw56le376mTZkEX/jEb/RxNFyegNul7eNslCXP9FDj/Lcu0X8KEyMceP2ntpaHrDEVA=="],

    "postcss": ["postcss@8.5.3", "", { "dependencies": { "nanoid": "^3.3.8", "picocolors": "^1.1.1", "source-map-js": "^1.2.1" } }, "sha512-dle9A3yYxlBSrt8Fu+IpjGT8SY8hN0mlaA6GY8t0P5PjIOZemULz/E2Bnm/2dcUOena75OTNkHI76uZBNUUq3A=="],

    "postcss-calc": ["postcss-calc@10.1.1", "", { "dependencies": { "postcss-selector-parser": "^7.0.0", "postcss-value-parser": "^4.2.0" }, "peerDependencies": { "postcss": "^8.4.38" } }, "sha512-NYEsLHh8DgG/PRH2+G9BTuUdtf9ViS+vdoQ0YA5OQdGsfN4ztiwtDWNtBl9EKeqNMFnIu8IKZ0cLxEQ5r5KVMw=="],

    "postcss-colormin": ["postcss-colormin@7.0.2", "", { "dependencies": { "browserslist": "^4.23.3", "caniuse-api": "^3.0.0", "colord": "^2.9.3", "postcss-value-parser": "^4.2.0" }, "peerDependencies": { "postcss": "^8.4.31" } }, "sha512-YntRXNngcvEvDbEjTdRWGU606eZvB5prmHG4BF0yLmVpamXbpsRJzevyy6MZVyuecgzI2AWAlvFi8DAeCqwpvA=="],

    "postcss-convert-values": ["postcss-convert-values@7.0.4", "", { "dependencies": { "browserslist": "^4.23.3", "postcss-value-parser": "^4.2.0" }, "peerDependencies": { "postcss": "^8.4.31" } }, "sha512-e2LSXPqEHVW6aoGbjV9RsSSNDO3A0rZLCBxN24zvxF25WknMPpX8Dm9UxxThyEbaytzggRuZxaGXqaOhxQ514Q=="],

    "postcss-discard-comments": ["postcss-discard-comments@7.0.3", "", { "dependencies": { "postcss-selector-parser": "^6.1.2" }, "peerDependencies": { "postcss": "^8.4.31" } }, "sha512-q6fjd4WU4afNhWOA2WltHgCbkRhZPgQe7cXF74fuVB/ge4QbM9HEaOIzGSiMvM+g/cOsNAUGdf2JDzqA2F8iLA=="],

    "postcss-discard-duplicates": ["postcss-discard-duplicates@7.0.1", "", { "peerDependencies": { "postcss": "^8.4.31" } }, "sha512-oZA+v8Jkpu1ct/xbbrntHRsfLGuzoP+cpt0nJe5ED2FQF8n8bJtn7Bo28jSmBYwqgqnqkuSXJfSUEE7if4nClQ=="],

    "postcss-discard-empty": ["postcss-discard-empty@7.0.0", "", { "peerDependencies": { "postcss": "^8.4.31" } }, "sha512-e+QzoReTZ8IAwhnSdp/++7gBZ/F+nBq9y6PomfwORfP7q9nBpK5AMP64kOt0bA+lShBFbBDcgpJ3X4etHg4lzA=="],

    "postcss-discard-overridden": ["postcss-discard-overridden@7.0.0", "", { "peerDependencies": { "postcss": "^8.4.31" } }, "sha512-GmNAzx88u3k2+sBTZrJSDauR0ccpE24omTQCVmaTTZFz1du6AasspjaUPMJ2ud4RslZpoFKyf+6MSPETLojc6w=="],

    "postcss-merge-longhand": ["postcss-merge-longhand@7.0.4", "", { "dependencies": { "postcss-value-parser": "^4.2.0", "stylehacks": "^7.0.4" }, "peerDependencies": { "postcss": "^8.4.31" } }, "sha512-zer1KoZA54Q8RVHKOY5vMke0cCdNxMP3KBfDerjH/BYHh4nCIh+1Yy0t1pAEQF18ac/4z3OFclO+ZVH8azjR4A=="],

    "postcss-merge-rules": ["postcss-merge-rules@7.0.4", "", { "dependencies": { "browserslist": "^4.23.3", "caniuse-api": "^3.0.0", "cssnano-utils": "^5.0.0", "postcss-selector-parser": "^6.1.2" }, "peerDependencies": { "postcss": "^8.4.31" } }, "sha512-ZsaamiMVu7uBYsIdGtKJ64PkcQt6Pcpep/uO90EpLS3dxJi6OXamIobTYcImyXGoW0Wpugh7DSD3XzxZS9JCPg=="],

    "postcss-minify-font-values": ["postcss-minify-font-values@7.0.0", "", { "dependencies": { "postcss-value-parser": "^4.2.0" }, "peerDependencies": { "postcss": "^8.4.31" } }, "sha512-2ckkZtgT0zG8SMc5aoNwtm5234eUx1GGFJKf2b1bSp8UflqaeFzR50lid4PfqVI9NtGqJ2J4Y7fwvnP/u1cQog=="],

    "postcss-minify-gradients": ["postcss-minify-gradients@7.0.0", "", { "dependencies": { "colord": "^2.9.3", "cssnano-utils": "^5.0.0", "postcss-value-parser": "^4.2.0" }, "peerDependencies": { "postcss": "^8.4.31" } }, "sha512-pdUIIdj/C93ryCHew0UgBnL2DtUS3hfFa5XtERrs4x+hmpMYGhbzo6l/Ir5de41O0GaKVpK1ZbDNXSY6GkXvtg=="],

    "postcss-minify-params": ["postcss-minify-params@7.0.2", "", { "dependencies": { "browserslist": "^4.23.3", "cssnano-utils": "^5.0.0", "postcss-value-parser": "^4.2.0" }, "peerDependencies": { "postcss": "^8.4.31" } }, "sha512-nyqVLu4MFl9df32zTsdcLqCFfE/z2+f8GE1KHPxWOAmegSo6lpV2GNy5XQvrzwbLmiU7d+fYay4cwto1oNdAaQ=="],

    "postcss-minify-selectors": ["postcss-minify-selectors@7.0.4", "", { "dependencies": { "cssesc": "^3.0.0", "postcss-selector-parser": "^6.1.2" }, "peerDependencies": { "postcss": "^8.4.31" } }, "sha512-JG55VADcNb4xFCf75hXkzc1rNeURhlo7ugf6JjiiKRfMsKlDzN9CXHZDyiG6x/zGchpjQS+UAgb1d4nqXqOpmA=="],

    "postcss-normalize-charset": ["postcss-normalize-charset@7.0.0", "", { "peerDependencies": { "postcss": "^8.4.31" } }, "sha512-ABisNUXMeZeDNzCQxPxBCkXexvBrUHV+p7/BXOY+ulxkcjUZO0cp8ekGBwvIh2LbCwnWbyMPNJVtBSdyhM2zYQ=="],

    "postcss-normalize-display-values": ["postcss-normalize-display-values@7.0.0", "", { "dependencies": { "postcss-value-parser": "^4.2.0" }, "peerDependencies": { "postcss": "^8.4.31" } }, "sha512-lnFZzNPeDf5uGMPYgGOw7v0BfB45+irSRz9gHQStdkkhiM0gTfvWkWB5BMxpn0OqgOQuZG/mRlZyJxp0EImr2Q=="],

    "postcss-normalize-positions": ["postcss-normalize-positions@7.0.0", "", { "dependencies": { "postcss-value-parser": "^4.2.0" }, "peerDependencies": { "postcss": "^8.4.31" } }, "sha512-I0yt8wX529UKIGs2y/9Ybs2CelSvItfmvg/DBIjTnoUSrPxSV7Z0yZ8ShSVtKNaV/wAY+m7bgtyVQLhB00A1NQ=="],

    "postcss-normalize-repeat-style": ["postcss-normalize-repeat-style@7.0.0", "", { "dependencies": { "postcss-value-parser": "^4.2.0" }, "peerDependencies": { "postcss": "^8.4.31" } }, "sha512-o3uSGYH+2q30ieM3ppu9GTjSXIzOrRdCUn8UOMGNw7Af61bmurHTWI87hRybrP6xDHvOe5WlAj3XzN6vEO8jLw=="],

    "postcss-normalize-string": ["postcss-normalize-string@7.0.0", "", { "dependencies": { "postcss-value-parser": "^4.2.0" }, "peerDependencies": { "postcss": "^8.4.31" } }, "sha512-w/qzL212DFVOpMy3UGyxrND+Kb0fvCiBBujiaONIihq7VvtC7bswjWgKQU/w4VcRyDD8gpfqUiBQ4DUOwEJ6Qg=="],

    "postcss-normalize-timing-functions": ["postcss-normalize-timing-functions@7.0.0", "", { "dependencies": { "postcss-value-parser": "^4.2.0" }, "peerDependencies": { "postcss": "^8.4.31" } }, "sha512-tNgw3YV0LYoRwg43N3lTe3AEWZ66W7Dh7lVEpJbHoKOuHc1sLrzMLMFjP8SNULHaykzsonUEDbKedv8C+7ej6g=="],

    "postcss-normalize-unicode": ["postcss-normalize-unicode@7.0.2", "", { "dependencies": { "browserslist": "^4.23.3", "postcss-value-parser": "^4.2.0" }, "peerDependencies": { "postcss": "^8.4.31" } }, "sha512-ztisabK5C/+ZWBdYC+Y9JCkp3M9qBv/XFvDtSw0d/XwfT3UaKeW/YTm/MD/QrPNxuecia46vkfEhewjwcYFjkg=="],

    "postcss-normalize-url": ["postcss-normalize-url@7.0.0", "", { "dependencies": { "postcss-value-parser": "^4.2.0" }, "peerDependencies": { "postcss": "^8.4.31" } }, "sha512-+d7+PpE+jyPX1hDQZYG+NaFD+Nd2ris6r8fPTBAjE8z/U41n/bib3vze8x7rKs5H1uEw5ppe9IojewouHk0klQ=="],

    "postcss-normalize-whitespace": ["postcss-normalize-whitespace@7.0.0", "", { "dependencies": { "postcss-value-parser": "^4.2.0" }, "peerDependencies": { "postcss": "^8.4.31" } }, "sha512-37/toN4wwZErqohedXYqWgvcHUGlT8O/m2jVkAfAe9Bd4MzRqlBmXrJRePH0e9Wgnz2X7KymTgTOaaFizQe3AQ=="],

    "postcss-ordered-values": ["postcss-ordered-values@7.0.1", "", { "dependencies": { "cssnano-utils": "^5.0.0", "postcss-value-parser": "^4.2.0" }, "peerDependencies": { "postcss": "^8.4.31" } }, "sha512-irWScWRL6nRzYmBOXReIKch75RRhNS86UPUAxXdmW/l0FcAsg0lvAXQCby/1lymxn/o0gVa6Rv/0f03eJOwHxw=="],

    "postcss-reduce-initial": ["postcss-reduce-initial@7.0.2", "", { "dependencies": { "browserslist": "^4.23.3", "caniuse-api": "^3.0.0" }, "peerDependencies": { "postcss": "^8.4.31" } }, "sha512-pOnu9zqQww7dEKf62Nuju6JgsW2V0KRNBHxeKohU+JkHd/GAH5uvoObqFLqkeB2n20mr6yrlWDvo5UBU5GnkfA=="],

    "postcss-reduce-transforms": ["postcss-reduce-transforms@7.0.0", "", { "dependencies": { "postcss-value-parser": "^4.2.0" }, "peerDependencies": { "postcss": "^8.4.31" } }, "sha512-pnt1HKKZ07/idH8cpATX/ujMbtOGhUfE+m8gbqwJE05aTaNw8gbo34a2e3if0xc0dlu75sUOiqvwCGY3fzOHew=="],

    "postcss-selector-parser": ["postcss-selector-parser@7.1.0", "", { "dependencies": { "cssesc": "^3.0.0", "util-deprecate": "^1.0.2" } }, "sha512-8sLjZwK0R+JlxlYcTuVnyT2v+htpdrjDOKuMcOVdYjt52Lh8hWRYpxBPoKx/Zg+bcjc3wx6fmQevMmUztS/ccA=="],

    "postcss-svgo": ["postcss-svgo@7.0.1", "", { "dependencies": { "postcss-value-parser": "^4.2.0", "svgo": "^3.3.2" }, "peerDependencies": { "postcss": "^8.4.31" } }, "sha512-0WBUlSL4lhD9rA5k1e5D8EN5wCEyZD6HJk0jIvRxl+FDVOMlJ7DePHYWGGVc5QRqrJ3/06FTXM0bxjmJpmTPSA=="],

    "postcss-unique-selectors": ["postcss-unique-selectors@7.0.3", "", { "dependencies": { "postcss-selector-parser": "^6.1.2" }, "peerDependencies": { "postcss": "^8.4.31" } }, "sha512-J+58u5Ic5T1QjP/LDV9g3Cx4CNOgB5vz+kM6+OxHHhFACdcDeKhBXjQmB7fnIZM12YSTvsL0Opwco83DmacW2g=="],

    "postcss-value-parser": ["postcss-value-parser@4.2.0", "", {}, "sha512-1NNCs6uurfkVbeXG4S8JFT9t19m45ICnif8zWLd5oPSZ50QnwMfK+H3jv408d4jw/7Bttv5axS5IiHoLaVNHeQ=="],

    "source-map-js": ["source-map-js@1.2.1", "", {}, "sha512-UXWMKhLOwVKb728IUtQPXxfYU+usdybtUrK/8uGE8CQMvrhOpwvzDBwj0QhSL7MQc7vIsISBG8VQ8+IDQxpfQA=="],

    "stylehacks": ["stylehacks@7.0.4", "", { "dependencies": { "browserslist": "^4.23.3", "postcss-selector-parser": "^6.1.2" }, "peerDependencies": { "postcss": "^8.4.31" } }, "sha512-i4zfNrGMt9SB4xRK9L83rlsFCgdGANfeDAYacO1pkqcE7cRHPdWHwnKZVz7WY17Veq/FvyYsRAU++Ga+qDFIww=="],

    "svgo": ["svgo@3.3.2", "", { "dependencies": { "@trysound/sax": "0.2.0", "commander": "^7.2.0", "css-select": "^5.1.0", "css-tree": "^2.3.1", "css-what": "^6.1.0", "csso": "^5.0.5", "picocolors": "^1.0.0" }, "bin": "./bin/svgo" }, "sha512-OoohrmuUlBs8B8o6MB2Aevn+pRIH9zDALSR+6hhqVfa6fRwG/Qw9VUMSMW9VNg2CFc/MTIfabtdOVl9ODIJjpw=="],

    "tailwindcss": ["tailwindcss@4.0.17", "", {}, "sha512-OErSiGzRa6rLiOvaipsDZvLMSpsBZ4ysB4f0VKGXUrjw2jfkJRd6kjRKV2+ZmTCNvwtvgdDam5D7w6WXsdLJZw=="],

    "tapable": ["tapable@2.2.1", "", {}, "sha512-GNzQvQTOIP6RyTfE2Qxb8ZVlNmw0n88vp1szwWRimP02mnTsx3Wtn5qRdqY9w2XduFNUgvOwhNnQsjwCp+kqaQ=="],

    "typescript": ["typescript@5.8.2", "", { "bin": { "tsc": "bin/tsc", "tsserver": "bin/tsserver" } }, "sha512-aJn6wq13/afZp/jT9QZmwEjDqqvSGp1VT5GVg+f/t6/oVyrgXM6BY1h9BRh/O5p3PlUPAe+WuiEZOmb/49RqoQ=="],

    "undici-types": ["undici-types@6.20.0", "", {}, "sha512-Ny6QZ2Nju20vw1SRHe3d9jVu6gJ+4e3+MMpqu7pqE5HT6WsTSlce++GQmK5UXS8mzV8DSYHrQH+Xrf2jVcuKNg=="],

    "universalify": ["universalify@2.0.1", "", {}, "sha512-gptHNQghINnc/vTGIk0SOFGFNXw7JVrlRUtConJRlvaw6DuX0wO5Jeko9sWrMBhh+PsYAZ7oXAiOnf/UKogyiw=="],

    "update-browserslist-db": ["update-browserslist-db@1.1.3", "", { "dependencies": { "escalade": "^3.2.0", "picocolors": "^1.1.1" }, "peerDependencies": { "browserslist": ">= 4.21.0" }, "bin": { "update-browserslist-db": "cli.js" } }, "sha512-UxhIZQ+QInVdunkDAaiazvvT/+fXL5Osr0JZlJulepYu6Jd7qJtDZjlur0emRlT71EN3ScPoE7gvsuIKKNavKw=="],

    "util-deprecate": ["util-deprecate@1.0.2", "", {}, "sha512-EPD5q1uXyFxJpCrLnCc1nHnq3gOa6DZBocAIiI2TaSCA7VCJ1UJDMagCzIkXNsUYfD1daK//LTEQ8xiIbrHtcw=="],

    "csso/css-tree": ["css-tree@2.2.1", "", { "dependencies": { "mdn-data": "2.0.28", "source-map-js": "^1.0.1" } }, "sha512-OA0mILzGc1kCOCSJerOeqDxDQ4HOh+G8NbOJFOTgOCzpw7fCBubk0fEyxp8AgOL/jvLgYA/uV0cMbe43ElF1JA=="],

    "postcss-discard-comments/postcss-selector-parser": ["postcss-selector-parser@6.1.2", "", { "dependencies": { "cssesc": "^3.0.0", "util-deprecate": "^1.0.2" } }, "sha512-Q8qQfPiZ+THO/3ZrOrO0cJJKfpYCagtMUkXbnEfmgUjwXg6z/WBeOyS9APBBPCTSiDV+s4SwQGu8yFsiMRIudg=="],

    "postcss-merge-rules/postcss-selector-parser": ["postcss-selector-parser@6.1.2", "", { "dependencies": { "cssesc": "^3.0.0", "util-deprecate": "^1.0.2" } }, "sha512-Q8qQfPiZ+THO/3ZrOrO0cJJKfpYCagtMUkXbnEfmgUjwXg6z/WBeOyS9APBBPCTSiDV+s4SwQGu8yFsiMRIudg=="],

    "postcss-minify-selectors/postcss-selector-parser": ["postcss-selector-parser@6.1.2", "", { "dependencies": { "cssesc": "^3.0.0", "util-deprecate": "^1.0.2" } }, "sha512-Q8qQfPiZ+THO/3ZrOrO0cJJKfpYCagtMUkXbnEfmgUjwXg6z/WBeOyS9APBBPCTSiDV+s4SwQGu8yFsiMRIudg=="],

    "postcss-unique-selectors/postcss-selector-parser": ["postcss-selector-parser@6.1.2", "", { "dependencies": { "cssesc": "^3.0.0", "util-deprecate": "^1.0.2" } }, "sha512-Q8qQfPiZ+THO/3ZrOrO0cJJKfpYCagtMUkXbnEfmgUjwXg6z/WBeOyS9APBBPCTSiDV+s4SwQGu8yFsiMRIudg=="],

    "stylehacks/postcss-selector-parser": ["postcss-selector-parser@6.1.2", "", { "dependencies": { "cssesc": "^3.0.0", "util-deprecate": "^1.0.2" } }, "sha512-Q8qQfPiZ+THO/3ZrOrO0cJJKfpYCagtMUkXbnEfmgUjwXg6z/WBeOyS9APBBPCTSiDV+s4SwQGu8yFsiMRIudg=="],

    "csso/css-tree/mdn-data": ["mdn-data@2.0.28", "", {}, "sha512-aylIc7Z9y4yzHYAJNuESG3hfhC+0Ibp/MAMiaOZgNv4pmEdFyfZhhhny4MNiAfWdBQ1RQ2mfDWmM1x8SvGyp8g=="],
  }
}
